
Microsoft Visual Studio Solution File, Format Version 12.00
# Visual Studio Version 17
VisualStudioVersion = 17.5.33516.290
MinimumVisualStudioVersion = 10.0.40219.1
Project("{2150E333-8FDC-42A3-9474-1A3956D46DE8}") = "src", "src", "{DA815376-BA11-467D-B3BA-3BB266B4D11A}"
EndProject
Project("{2150E333-8FDC-42A3-9474-1A3956D46DE8}") = "Core", "Core", "{78E32C1B-6F7C-4282-9F7D-1FC23B5467AA}"
EndProject
Project("{9A19103F-16F7-4668-BE54-9A1E7A4F7556}") = "Application", "src\Application\Application.csproj", "{87942C7A-C0F3-4324-9BE2-10C9AD7B85C7}"
EndProject
Project("{9A19103F-16F7-4668-BE54-9A1E7A4F7556}") = "Domain", "src\Domain\Domain.csproj", "{719736F9-DA6C-4976-B05C-7A557BCEE390}"
EndProject
Project("{9A19103F-16F7-4668-BE54-9A1E7A4F7556}") = "Client", "src\Client\Client.csproj", "{9A70E20C-364B-46F9-8F4F-4C1E902023F9}"
EndProject
Project("{9A19103F-16F7-4668-BE54-9A1E7A4F7556}") = "Client.Infrastructure", "src\Client.Infrastructure\Client.Infrastructure.csproj", "{B932ACC0-D5FE-4583-A0A3-09C5A327C7AB}"
EndProject
Project("{9A19103F-16F7-4668-BE54-9A1E7A4F7556}") = "Host", "src\Host\Host.csproj", "{9FFB4B06-BE21-4977-9ACC-B02A8039233F}"
EndProject
Project("{9A19103F-16F7-4668-BE54-9A1E7A4F7556}") = "Infrastructure", "src\Infrastructure\Infrastructure.csproj", "{54CD4C28-56C3-440C-B6DE-003BCC421849}"
EndProject
Project("{2150E333-8FDC-42A3-9474-1A3956D46DE8}") = "tests", "tests", "{9FC0DE5B-7D4C-4EBC-8E5C-0743D782145E}"
EndProject
Project("{9A19103F-16F7-4668-BE54-9A1E7A4F7556}") = "Shared", "src\Shared\Shared.csproj", "{8FA09202-AB2A-44E8-A4EE-64D612403991}"
EndProject
Project("{2150E333-8FDC-42A3-9474-1A3956D46DE8}") = "scripts", "scripts", "{EBFAFF71-F3AB-44EC-A950-230CA3A3B9E1}"
	ProjectSection(SolutionItems) = preProject
		scripts\nswag-regen.ps1 = scripts\nswag-regen.ps1
	EndProjectSection
EndProject
Global
	GlobalSection(SolutionConfigurationPlatforms) = preSolution
		Debug|Any CPU = Debug|Any CPU
		Release|Any CPU = Release|Any CPU
	EndGlobalSection
	GlobalSection(ProjectConfigurationPlatforms) = postSolution
		{87942C7A-C0F3-4324-9BE2-10C9AD7B85C7}.Debug|Any CPU.ActiveCfg = Debug|Any CPU
		{87942C7A-C0F3-4324-9BE2-10C9AD7B85C7}.Debug|Any CPU.Build.0 = Debug|Any CPU
		{87942C7A-C0F3-4324-9BE2-10C9AD7B85C7}.Release|Any CPU.ActiveCfg = Release|Any CPU
		{87942C7A-C0F3-4324-9BE2-10C9AD7B85C7}.Release|Any CPU.Build.0 = Release|Any CPU
		{719736F9-DA6C-4976-B05C-7A557BCEE390}.Debug|Any CPU.ActiveCfg = Debug|Any CPU
		{719736F9-DA6C-4976-B05C-7A557BCEE390}.Debug|Any CPU.Build.0 = Debug|Any CPU
		{719736F9-DA6C-4976-B05C-7A557BCEE390}.Release|Any CPU.ActiveCfg = Release|Any CPU
		{719736F9-DA6C-4976-B05C-7A557BCEE390}.Release|Any CPU.Build.0 = Release|Any CPU
		{9A70E20C-364B-46F9-8F4F-4C1E902023F9}.Debug|Any CPU.ActiveCfg = Debug|Any CPU
		{9A70E20C-364B-46F9-8F4F-4C1E902023F9}.Debug|Any CPU.Build.0 = Debug|Any CPU
		{9A70E20C-364B-46F9-8F4F-4C1E902023F9}.Release|Any CPU.ActiveCfg = Release|Any CPU
		{9A70E20C-364B-46F9-8F4F-4C1E902023F9}.Release|Any CPU.Build.0 = Release|Any CPU
		{B932ACC0-D5FE-4583-A0A3-09C5A327C7AB}.Debug|Any CPU.ActiveCfg = Debug|Any CPU
		{B932ACC0-D5FE-4583-A0A3-09C5A327C7AB}.Debug|Any CPU.Build.0 = Debug|Any CPU
		{B932ACC0-D5FE-4583-A0A3-09C5A327C7AB}.Release|Any CPU.ActiveCfg = Release|Any CPU
		{B932ACC0-D5FE-4583-A0A3-09C5A327C7AB}.Release|Any CPU.Build.0 = Release|Any CPU
		{9FFB4B06-BE21-4977-9ACC-B02A8039233F}.Debug|Any CPU.ActiveCfg = Debug|Any CPU
		{9FFB4B06-BE21-4977-9ACC-B02A8039233F}.Debug|Any CPU.Build.0 = Debug|Any CPU
		{9FFB4B06-BE21-4977-9ACC-B02A8039233F}.Release|Any CPU.ActiveCfg = Release|Any CPU
		{9FFB4B06-BE21-4977-9ACC-B02A8039233F}.Release|Any CPU.Build.0 = Release|Any CPU
		{54CD4C28-56C3-440C-B6DE-003BCC421849}.Debug|Any CPU.ActiveCfg = Debug|Any CPU
		{54CD4C28-56C3-440C-B6DE-003BCC421849}.Debug|Any CPU.Build.0 = Debug|Any CPU
		{54CD4C28-56C3-440C-B6DE-003BCC421849}.Release|Any CPU.ActiveCfg = Release|Any CPU
		{54CD4C28-56C3-440C-B6DE-003BCC421849}.Release|Any CPU.Build.0 = Release|Any CPU
		{8FA09202-AB2A-44E8-A4EE-64D612403991}.Debug|Any CPU.ActiveCfg = Debug|Any CPU
		{8FA09202-AB2A-44E8-A4EE-64D612403991}.Debug|Any CPU.Build.0 = Debug|Any CPU
		{8FA09202-AB2A-44E8-A4EE-64D612403991}.Release|Any CPU.ActiveCfg = Release|Any CPU
		{8FA09202-AB2A-44E8-A4EE-64D612403991}.Release|Any CPU.Build.0 = Release|Any CPU
	EndGlobalSection
	GlobalSection(SolutionProperties) = preSolution
		HideSolutionNode = FALSE
	EndGlobalSection
	GlobalSection(NestedProjects) = preSolution
		{78E32C1B-6F7C-4282-9F7D-1FC23B5467AA} = {DA815376-BA11-467D-B3BA-3BB266B4D11A}
		{87942C7A-C0F3-4324-9BE2-10C9AD7B85C7} = {78E32C1B-6F7C-4282-9F7D-1FC23B5467AA}
		{719736F9-DA6C-4976-B05C-7A557BCEE390} = {78E32C1B-6F7C-4282-9F7D-1FC23B5467AA}
		{9A70E20C-364B-46F9-8F4F-4C1E902023F9} = {DA815376-BA11-467D-B3BA-3BB266B4D11A}
		{B932ACC0-D5FE-4583-A0A3-09C5A327C7AB} = {DA815376-BA11-467D-B3BA-3BB266B4D11A}
		{9FFB4B06-BE21-4977-9ACC-B02A8039233F} = {DA815376-BA11-467D-B3BA-3BB266B4D11A}
		{54CD4C28-56C3-440C-B6DE-003BCC421849} = {DA815376-BA11-467D-B3BA-3BB266B4D11A}
		{8FA09202-AB2A-44E8-A4EE-64D612403991} = {78E32C1B-6F7C-4282-9F7D-1FC23B5467AA}
	EndGlobalSection
	GlobalSection(ExtensibilityGlobals) = postSolution
		SolutionGuid = {30048E4D-7A46-407E-93EE-B791BFAE4AEE}
	EndGlobalSection
EndGlobal
